
Microsoft Visual Studio Solution File, Format Version 12.00
# Visual Studio 2013
VisualStudioVersion = 12.0.40629.0
MinimumVisualStudioVersion = 10.0.40219.1
Project("{FAE04EC0-301F-11D3-BF4B-00C04F79EFBC}") = "HalvingEasy", "HalvingEasy\HalvingEasy.csproj", "{800032FD-1859-4886-A0CB-ACB51ACBDC7A}"
EndProject
Project("{FAE04EC0-301F-11D3-BF4B-00C04F79EFBC}") = "Test", "Test\Test.csproj", "{50267FF9-5026-4D16-AEDA-4196C3F75DC0}"
EndProject
Global
	GlobalSection(SolutionConfigurationPlatforms) = preSolution
		Debug|Any CPU = Debug|Any CPU
		Release|Any CPU = Release|Any CPU
	EndGlobalSection
	GlobalSection(ProjectConfigurationPlatforms) = postSolution
		{800032FD-1859-4886-A0CB-ACB51ACBDC7A}.Debug|Any CPU.ActiveCfg = Debug|Any CPU
		{800032FD-1859-4886-A0CB-ACB51ACBDC7A}.Debug|Any CPU.Build.0 = Debug|Any CPU
		{800032FD-1859-4886-A0CB-ACB51ACBDC7A}.Release|Any CPU.ActiveCfg = Release|Any CPU
		{800032FD-1859-4886-A0CB-ACB51ACBDC7A}.Release|Any CPU.Build.0 = Release|Any CPU
		{50267FF9-5026-4D16-AEDA-4196C3F75DC0}.Debug|Any CPU.ActiveCfg = Debug|Any CPU
		{50267FF9-5026-4D16-AEDA-4196C3F75DC0}.Debug|Any CPU.Build.0 = Debug|Any CPU
		{50267FF9-5026-4D16-AEDA-4196C3F75DC0}.Release|Any CPU.ActiveCfg = Release|Any CPU
		{50267FF9-5026-4D16-AEDA-4196C3F75DC0}.Release|Any CPU.Build.0 = Release|Any CPU
	EndGlobalSection
	GlobalSection(SolutionProperties) = preSolution
		HideSolutionNode = FALSE
	EndGlobalSection
EndGlobal
