
Microsoft Visual Studio Solution File, Format Version 12.00
# Visual Studio 2013
VisualStudioVersion = 12.0.40629.0
MinimumVisualStudioVersion = 10.0.40219.1
Project("{FAE04EC0-301F-11D3-BF4B-00C04F79EFBC}") = "ANewHope", "ANewHope\ANewHope.csproj", "{3D8E6240-B770-447F-BB35-634D38F74AE7}"
EndProject
Project("{FAE04EC0-301F-11D3-BF4B-00C04F79EFBC}") = "Test", "Test\Test.csproj", "{E1B1EFAB-A8C6-41F9-A657-417E172F042E}"
EndProject
Global
	GlobalSection(SolutionConfigurationPlatforms) = preSolution
		Debug|Any CPU = Debug|Any CPU
		Release|Any CPU = Release|Any CPU
	EndGlobalSection
	GlobalSection(ProjectConfigurationPlatforms) = postSolution
		{3D8E6240-B770-447F-BB35-634D38F74AE7}.Debug|Any CPU.ActiveCfg = Debug|Any CPU
		{3D8E6240-B770-447F-BB35-634D38F74AE7}.Debug|Any CPU.Build.0 = Debug|Any CPU
		{3D8E6240-B770-447F-BB35-634D38F74AE7}.Release|Any CPU.ActiveCfg = Release|Any CPU
		{3D8E6240-B770-447F-BB35-634D38F74AE7}.Release|Any CPU.Build.0 = Release|Any CPU
		{E1B1EFAB-A8C6-41F9-A657-417E172F042E}.Debug|Any CPU.ActiveCfg = Debug|Any CPU
		{E1B1EFAB-A8C6-41F9-A657-417E172F042E}.Debug|Any CPU.Build.0 = Debug|Any CPU
		{E1B1EFAB-A8C6-41F9-A657-417E172F042E}.Release|Any CPU.ActiveCfg = Release|Any CPU
		{E1B1EFAB-A8C6-41F9-A657-417E172F042E}.Release|Any CPU.Build.0 = Release|Any CPU
	EndGlobalSection
	GlobalSection(SolutionProperties) = preSolution
		HideSolutionNode = FALSE
	EndGlobalSection
EndGlobal
