
Microsoft Visual Studio Solution File, Format Version 12.00
# Visual Studio 2013
VisualStudioVersion = 12.0.40629.0
MinimumVisualStudioVersion = 10.0.40219.1
Project("{FAE04EC0-301F-11D3-BF4B-00C04F79EFBC}") = "RingLex", "RingLex\RingLex.csproj", "{878C5021-8D70-4282-AA7D-8C357C2D980F}"
EndProject
Project("{FAE04EC0-301F-11D3-BF4B-00C04F79EFBC}") = "Test", "Test\Test.csproj", "{BC2C3E1A-EDB1-40C1-8D7B-826636CA6408}"
EndProject
Global
	GlobalSection(SolutionConfigurationPlatforms) = preSolution
		Debug|Any CPU = Debug|Any CPU
		Release|Any CPU = Release|Any CPU
	EndGlobalSection
	GlobalSection(ProjectConfigurationPlatforms) = postSolution
		{878C5021-8D70-4282-AA7D-8C357C2D980F}.Debug|Any CPU.ActiveCfg = Debug|Any CPU
		{878C5021-8D70-4282-AA7D-8C357C2D980F}.Debug|Any CPU.Build.0 = Debug|Any CPU
		{878C5021-8D70-4282-AA7D-8C357C2D980F}.Release|Any CPU.ActiveCfg = Release|Any CPU
		{878C5021-8D70-4282-AA7D-8C357C2D980F}.Release|Any CPU.Build.0 = Release|Any CPU
		{BC2C3E1A-EDB1-40C1-8D7B-826636CA6408}.Debug|Any CPU.ActiveCfg = Debug|Any CPU
		{BC2C3E1A-EDB1-40C1-8D7B-826636CA6408}.Debug|Any CPU.Build.0 = Debug|Any CPU
		{BC2C3E1A-EDB1-40C1-8D7B-826636CA6408}.Release|Any CPU.ActiveCfg = Release|Any CPU
		{BC2C3E1A-EDB1-40C1-8D7B-826636CA6408}.Release|Any CPU.Build.0 = Release|Any CPU
	EndGlobalSection
	GlobalSection(SolutionProperties) = preSolution
		HideSolutionNode = FALSE
	EndGlobalSection
EndGlobal
