
Microsoft Visual Studio Solution File, Format Version 12.00
# Visual Studio 2013
VisualStudioVersion = 12.0.40629.0
MinimumVisualStudioVersion = 10.0.40219.1
Project("{FAE04EC0-301F-11D3-BF4B-00C04F79EFBC}") = "IntervalIntersections", "IntervalIntersections\IntervalIntersections.csproj", "{025D5DAD-35C5-42B8-8D45-BE900A4A9AED}"
EndProject
Project("{FAE04EC0-301F-11D3-BF4B-00C04F79EFBC}") = "Test", "Test\Test.csproj", "{D1A516A5-5D23-4436-9DB6-1F9A1934DD21}"
EndProject
Global
	GlobalSection(SolutionConfigurationPlatforms) = preSolution
		Debug|Any CPU = Debug|Any CPU
		Release|Any CPU = Release|Any CPU
	EndGlobalSection
	GlobalSection(ProjectConfigurationPlatforms) = postSolution
		{025D5DAD-35C5-42B8-8D45-BE900A4A9AED}.Debug|Any CPU.ActiveCfg = Debug|Any CPU
		{025D5DAD-35C5-42B8-8D45-BE900A4A9AED}.Debug|Any CPU.Build.0 = Debug|Any CPU
		{025D5DAD-35C5-42B8-8D45-BE900A4A9AED}.Release|Any CPU.ActiveCfg = Release|Any CPU
		{025D5DAD-35C5-42B8-8D45-BE900A4A9AED}.Release|Any CPU.Build.0 = Release|Any CPU
		{D1A516A5-5D23-4436-9DB6-1F9A1934DD21}.Debug|Any CPU.ActiveCfg = Debug|Any CPU
		{D1A516A5-5D23-4436-9DB6-1F9A1934DD21}.Debug|Any CPU.Build.0 = Debug|Any CPU
		{D1A516A5-5D23-4436-9DB6-1F9A1934DD21}.Release|Any CPU.ActiveCfg = Release|Any CPU
		{D1A516A5-5D23-4436-9DB6-1F9A1934DD21}.Release|Any CPU.Build.0 = Release|Any CPU
	EndGlobalSection
	GlobalSection(SolutionProperties) = preSolution
		HideSolutionNode = FALSE
	EndGlobalSection
EndGlobal
