
Microsoft Visual Studio Solution File, Format Version 12.00
# Visual Studio 2013
VisualStudioVersion = 12.0.40629.0
MinimumVisualStudioVersion = 10.0.40219.1
Project("{FAE04EC0-301F-11D3-BF4B-00C04F79EFBC}") = "SoManyRectangles", "SoManyRectangles\SoManyRectangles.csproj", "{97DFD4C3-1E8F-4E3B-9F3B-1E66DC730A17}"
EndProject
Project("{FAE04EC0-301F-11D3-BF4B-00C04F79EFBC}") = "Test", "Test\Test.csproj", "{42CDD33C-D2AA-4114-B2CE-2340143B7051}"
EndProject
Global
	GlobalSection(SolutionConfigurationPlatforms) = preSolution
		Debug|Any CPU = Debug|Any CPU
		Release|Any CPU = Release|Any CPU
	EndGlobalSection
	GlobalSection(ProjectConfigurationPlatforms) = postSolution
		{97DFD4C3-1E8F-4E3B-9F3B-1E66DC730A17}.Debug|Any CPU.ActiveCfg = Debug|Any CPU
		{97DFD4C3-1E8F-4E3B-9F3B-1E66DC730A17}.Debug|Any CPU.Build.0 = Debug|Any CPU
		{97DFD4C3-1E8F-4E3B-9F3B-1E66DC730A17}.Release|Any CPU.ActiveCfg = Release|Any CPU
		{97DFD4C3-1E8F-4E3B-9F3B-1E66DC730A17}.Release|Any CPU.Build.0 = Release|Any CPU
		{42CDD33C-D2AA-4114-B2CE-2340143B7051}.Debug|Any CPU.ActiveCfg = Debug|Any CPU
		{42CDD33C-D2AA-4114-B2CE-2340143B7051}.Debug|Any CPU.Build.0 = Debug|Any CPU
		{42CDD33C-D2AA-4114-B2CE-2340143B7051}.Release|Any CPU.ActiveCfg = Release|Any CPU
		{42CDD33C-D2AA-4114-B2CE-2340143B7051}.Release|Any CPU.Build.0 = Release|Any CPU
	EndGlobalSection
	GlobalSection(SolutionProperties) = preSolution
		HideSolutionNode = FALSE
	EndGlobalSection
EndGlobal
