
Microsoft Visual Studio Solution File, Format Version 12.00
# Visual Studio 2013
VisualStudioVersion = 12.0.40629.0
MinimumVisualStudioVersion = 10.0.40219.1
Project("{FAE04EC0-301F-11D3-BF4B-00C04F79EFBC}") = "LongMansionDiv1", "LongMansionDiv1\LongMansionDiv1.csproj", "{2AF3FA16-8DC0-40FA-AB36-032CB5B54174}"
EndProject
Project("{FAE04EC0-301F-11D3-BF4B-00C04F79EFBC}") = "Test", "Test\Test.csproj", "{5148D6F5-0016-4698-8F25-0E11D802B638}"
EndProject
Global
	GlobalSection(SolutionConfigurationPlatforms) = preSolution
		Debug|Any CPU = Debug|Any CPU
		Release|Any CPU = Release|Any CPU
	EndGlobalSection
	GlobalSection(ProjectConfigurationPlatforms) = postSolution
		{2AF3FA16-8DC0-40FA-AB36-032CB5B54174}.Debug|Any CPU.ActiveCfg = Debug|Any CPU
		{2AF3FA16-8DC0-40FA-AB36-032CB5B54174}.Debug|Any CPU.Build.0 = Debug|Any CPU
		{2AF3FA16-8DC0-40FA-AB36-032CB5B54174}.Release|Any CPU.ActiveCfg = Release|Any CPU
		{2AF3FA16-8DC0-40FA-AB36-032CB5B54174}.Release|Any CPU.Build.0 = Release|Any CPU
		{5148D6F5-0016-4698-8F25-0E11D802B638}.Debug|Any CPU.ActiveCfg = Debug|Any CPU
		{5148D6F5-0016-4698-8F25-0E11D802B638}.Debug|Any CPU.Build.0 = Debug|Any CPU
		{5148D6F5-0016-4698-8F25-0E11D802B638}.Release|Any CPU.ActiveCfg = Release|Any CPU
		{5148D6F5-0016-4698-8F25-0E11D802B638}.Release|Any CPU.Build.0 = Release|Any CPU
	EndGlobalSection
	GlobalSection(SolutionProperties) = preSolution
		HideSolutionNode = FALSE
	EndGlobalSection
EndGlobal
